{
  "name": "lvovd",
  "version": "2.2.4",
  "lockfileVersion": 3,
  "requires": true,
  "packages": {
    "": {
      "name": "lvovd",
      "version": "2.2.4",
      "license": "MIT",
      "dependencies": {
        "ytdlp-nodejs": "3.4.5"
      },
      "engines": {
        "node": ">=22"
      }
    },
    "node_modules/ytdlp-nodejs": {
      "version": "3.4.5",
      "resolved": "https://registry.npmjs.org/ytdlp-nodejs/-/ytdlp-nodejs-3.4.5.tgz",
      "integrity": "sha512-KPXnW2xa553mDbrCdXPnsZTPIL7b3GJcQLskpePIoNm7uqquHjJj7ha+1r8x3dwyTQ4TATvsP6K0RDnumQr0zQ==",
      "hasInstallScript": true,
      "license": "MIT",
      "bin": {
        "ytdlp": "dist/cli/index.js"
      },
      "engines": {
        "node": ">=16.0.0"
      }
    }
  }
}
